
Microsoft Visual Studio Solution File, Format Version 12.00
# Visual Studio 15
VisualStudioVersion = 15.0.27130.2036
MinimumVisualStudioVersion = 10.0.40219.1
Project("{FAE04EC0-301F-11D3-BF4B-00C04F79EFBC}") = "DependencyGraph", "DependencyGraph\DependencyGraph.csproj", "{862EAD85-346F-4D2B-A53C-98074FF813BA}"
EndProject
Project("{FAE04EC0-301F-11D3-BF4B-00C04F79EFBC}") = "DependencyGraphTestCases", "DependencyGraphTestCases\DependencyGraphTestCases.csproj", "{63636A07-E0F7-4CF5-B085-37B1A923C26A}"
EndProject
Project("{FAE04EC0-301F-11D3-BF4B-00C04F79EFBC}") = "PS3GradingTests", "PS3GradingTests\PS3GradingTests.csproj", "{0BB0FEFF-986E-496F-9939-8A52E52E083F}"
EndProject
Project("{FAE04EC0-301F-11D3-BF4B-00C04F79EFBC}") = "PS4bGradingTests", "PS4bGradingTests\PS4bGradingTests.csproj", "{BAF269F6-6B3D-4319-AAD5-B163DE642AE2}"
EndProject
Project("{FAE04EC0-301F-11D3-BF4B-00C04F79EFBC}") = "Formula", "Formula\Formula.csproj", "{D43D998C-9797-4CF4-9BB0-6DE22753849A}"
EndProject
Project("{FAE04EC0-301F-11D3-BF4B-00C04F79EFBC}") = "FormulaSimpleTests", "FormulaSimpleTests\FormulaSimpleTests.csproj", "{707DFAA0-3BB3-4896-AF50-0A4D6D580D06}"
EndProject
Project("{FAE04EC0-301F-11D3-BF4B-00C04F79EFBC}") = "PS2GradingTests", "PS2GradingTests\PS2GradingTests.csproj", "{5F69302B-DF29-42D2-BFE2-4A168FF4F588}"
EndProject
Project("{FAE04EC0-301F-11D3-BF4B-00C04F79EFBC}") = "Spreadsheet", "Spreadsheet\Spreadsheet.csproj", "{9025A594-DF2A-4E6A-B8C2-F087ECC3E203}"
EndProject
Project("{9A19103F-16F7-4668-BE54-9A1E7A4F7556}") = "SpreadsheetTests", "SpreadsheetTests\SpreadsheetTests.csproj", "{CBAA6C4F-69B6-4396-A8D8-D690DDF1FA74}"
EndProject
Project("{FAE04EC0-301F-11D3-BF4B-00C04F79EFBC}") = "PS5GradingTests", "PS5GradingTests\PS5GradingTests.csproj", "{5CE891A3-87AB-409B-874D-AD3622C5F59F}"
EndProject
Project("{FAE04EC0-301F-11D3-BF4B-00C04F79EFBC}") = "PS6GradingTests", "PS6GradingTests\PS6GradingTests.csproj", "{2145911F-6669-4308-A0F2-63B4C2AAAE5E}"
EndProject
Project("{FAE04EC0-301F-11D3-BF4B-00C04F79EFBC}") = "SpreadsheetDemo", "SpreadsheetDemo\SpreadsheetDemo.csproj", "{7069D83A-3933-4135-922B-76F754740A00}"
EndProject
Project("{FAE04EC0-301F-11D3-BF4B-00C04F79EFBC}") = "SpreadsheetPanel", "SpreadsheetPanel\SpreadsheetPanel.csproj", "{F31299DC-288F-4E46-A3AF-6BF461B21C79}"
EndProject
Project("{FAE04EC0-301F-11D3-BF4B-00C04F79EFBC}") = "SpreadsheetGUI", "SpreadsheetGUI\SpreadsheetGUI.csproj", "{8F26CEB9-BF47-41B0-86E0-24BDDABA120E}"
EndProject
Project("{FAE04EC0-301F-11D3-BF4B-00C04F79EFBC}") = "SpreadsheetTester", "SpreadsheetTester\SpreadsheetTester.csproj", "{0D6DBFA3-98CD-42AF-83CE-9F33BC41F9F6}"
EndProject
Global
	GlobalSection(SolutionConfigurationPlatforms) = preSolution
		Debug|Any CPU = Debug|Any CPU
		Debug|x86 = Debug|x86
		Release|Any CPU = Release|Any CPU
		Release|x86 = Release|x86
	EndGlobalSection
	GlobalSection(ProjectConfigurationPlatforms) = postSolution
		{862EAD85-346F-4D2B-A53C-98074FF813BA}.Debug|Any CPU.ActiveCfg = Debug|Any CPU
		{862EAD85-346F-4D2B-A53C-98074FF813BA}.Debug|Any CPU.Build.0 = Debug|Any CPU
		{862EAD85-346F-4D2B-A53C-98074FF813BA}.Debug|x86.ActiveCfg = Debug|Any CPU
		{862EAD85-346F-4D2B-A53C-98074FF813BA}.Debug|x86.Build.0 = Debug|Any CPU
		{862EAD85-346F-4D2B-A53C-98074FF813BA}.Release|Any CPU.ActiveCfg = Release|Any CPU
		{862EAD85-346F-4D2B-A53C-98074FF813BA}.Release|x86.ActiveCfg = Release|Any CPU
		{862EAD85-346F-4D2B-A53C-98074FF813BA}.Release|x86.Build.0 = Release|Any CPU
		{63636A07-E0F7-4CF5-B085-37B1A923C26A}.Debug|Any CPU.ActiveCfg = Debug|Any CPU
		{63636A07-E0F7-4CF5-B085-37B1A923C26A}.Debug|x86.ActiveCfg = Debug|Any CPU
		{63636A07-E0F7-4CF5-B085-37B1A923C26A}.Debug|x86.Build.0 = Debug|Any CPU
		{63636A07-E0F7-4CF5-B085-37B1A923C26A}.Release|Any CPU.ActiveCfg = Release|Any CPU
		{63636A07-E0F7-4CF5-B085-37B1A923C26A}.Release|x86.ActiveCfg = Release|Any CPU
		{63636A07-E0F7-4CF5-B085-37B1A923C26A}.Release|x86.Build.0 = Release|Any CPU
		{0BB0FEFF-986E-496F-9939-8A52E52E083F}.Debug|Any CPU.ActiveCfg = Debug|Any CPU
		{0BB0FEFF-986E-496F-9939-8A52E52E083F}.Debug|x86.ActiveCfg = Debug|Any CPU
		{0BB0FEFF-986E-496F-9939-8A52E52E083F}.Debug|x86.Build.0 = Debug|Any CPU
		{0BB0FEFF-986E-496F-9939-8A52E52E083F}.Release|Any CPU.ActiveCfg = Release|Any CPU
		{0BB0FEFF-986E-496F-9939-8A52E52E083F}.Release|x86.ActiveCfg = Release|Any CPU
		{0BB0FEFF-986E-496F-9939-8A52E52E083F}.Release|x86.Build.0 = Release|Any CPU
		{BAF269F6-6B3D-4319-AAD5-B163DE642AE2}.Debug|Any CPU.ActiveCfg = Debug|Any CPU
		{BAF269F6-6B3D-4319-AAD5-B163DE642AE2}.Debug|x86.ActiveCfg = Debug|Any CPU
		{BAF269F6-6B3D-4319-AAD5-B163DE642AE2}.Debug|x86.Build.0 = Debug|Any CPU
		{BAF269F6-6B3D-4319-AAD5-B163DE642AE2}.Release|Any CPU.ActiveCfg = Release|Any CPU
		{BAF269F6-6B3D-4319-AAD5-B163DE642AE2}.Release|x86.ActiveCfg = Release|Any CPU
		{BAF269F6-6B3D-4319-AAD5-B163DE642AE2}.Release|x86.Build.0 = Release|Any CPU
		{D43D998C-9797-4CF4-9BB0-6DE22753849A}.Debug|Any CPU.ActiveCfg = Debug|Any CPU
		{D43D998C-9797-4CF4-9BB0-6DE22753849A}.Debug|Any CPU.Build.0 = Debug|Any CPU
		{D43D998C-9797-4CF4-9BB0-6DE22753849A}.Debug|x86.ActiveCfg = Debug|Any CPU
		{D43D998C-9797-4CF4-9BB0-6DE22753849A}.Debug|x86.Build.0 = Debug|Any CPU
		{D43D998C-9797-4CF4-9BB0-6DE22753849A}.Release|Any CPU.ActiveCfg = Release|Any CPU
		{D43D998C-9797-4CF4-9BB0-6DE22753849A}.Release|x86.ActiveCfg = Release|Any CPU
		{D43D998C-9797-4CF4-9BB0-6DE22753849A}.Release|x86.Build.0 = Release|Any CPU
		{707DFAA0-3BB3-4896-AF50-0A4D6D580D06}.Debug|Any CPU.ActiveCfg = Debug|Any CPU
		{707DFAA0-3BB3-4896-AF50-0A4D6D580D06}.Debug|x86.ActiveCfg = Debug|Any CPU
		{707DFAA0-3BB3-4896-AF50-0A4D6D580D06}.Debug|x86.Build.0 = Debug|Any CPU
		{707DFAA0-3BB3-4896-AF50-0A4D6D580D06}.Release|Any CPU.ActiveCfg = Release|Any CPU
		{707DFAA0-3BB3-4896-AF50-0A4D6D580D06}.Release|x86.ActiveCfg = Release|Any CPU
		{707DFAA0-3BB3-4896-AF50-0A4D6D580D06}.Release|x86.Build.0 = Release|Any CPU
		{5F69302B-DF29-42D2-BFE2-4A168FF4F588}.Debug|Any CPU.ActiveCfg = Debug|Any CPU
		{5F69302B-DF29-42D2-BFE2-4A168FF4F588}.Debug|x86.ActiveCfg = Debug|Any CPU
		{5F69302B-DF29-42D2-BFE2-4A168FF4F588}.Debug|x86.Build.0 = Debug|Any CPU
		{5F69302B-DF29-42D2-BFE2-4A168FF4F588}.Release|Any CPU.ActiveCfg = Release|Any CPU
		{5F69302B-DF29-42D2-BFE2-4A168FF4F588}.Release|x86.ActiveCfg = Release|Any CPU
		{5F69302B-DF29-42D2-BFE2-4A168FF4F588}.Release|x86.Build.0 = Release|Any CPU
		{9025A594-DF2A-4E6A-B8C2-F087ECC3E203}.Debug|Any CPU.ActiveCfg = Debug|Any CPU
		{9025A594-DF2A-4E6A-B8C2-F087ECC3E203}.Debug|Any CPU.Build.0 = Debug|Any CPU
		{9025A594-DF2A-4E6A-B8C2-F087ECC3E203}.Debug|x86.ActiveCfg = Debug|Any CPU
		{9025A594-DF2A-4E6A-B8C2-F087ECC3E203}.Debug|x86.Build.0 = Debug|Any CPU
		{9025A594-DF2A-4E6A-B8C2-F087ECC3E203}.Release|Any CPU.ActiveCfg = Release|Any CPU
		{9025A594-DF2A-4E6A-B8C2-F087ECC3E203}.Release|x86.ActiveCfg = Release|Any CPU
		{9025A594-DF2A-4E6A-B8C2-F087ECC3E203}.Release|x86.Build.0 = Release|Any CPU
		{CBAA6C4F-69B6-4396-A8D8-D690DDF1FA74}.Debug|Any CPU.ActiveCfg = Debug|Any CPU
		{CBAA6C4F-69B6-4396-A8D8-D690DDF1FA74}.Debug|x86.ActiveCfg = Debug|Any CPU
		{CBAA6C4F-69B6-4396-A8D8-D690DDF1FA74}.Debug|x86.Build.0 = Debug|Any CPU
		{CBAA6C4F-69B6-4396-A8D8-D690DDF1FA74}.Release|Any CPU.ActiveCfg = Release|Any CPU
		{CBAA6C4F-69B6-4396-A8D8-D690DDF1FA74}.Release|x86.ActiveCfg = Release|Any CPU
		{CBAA6C4F-69B6-4396-A8D8-D690DDF1FA74}.Release|x86.Build.0 = Release|Any CPU
		{5CE891A3-87AB-409B-874D-AD3622C5F59F}.Debug|Any CPU.ActiveCfg = Debug|Any CPU
		{5CE891A3-87AB-409B-874D-AD3622C5F59F}.Debug|x86.ActiveCfg = Debug|Any CPU
		{5CE891A3-87AB-409B-874D-AD3622C5F59F}.Debug|x86.Build.0 = Debug|Any CPU
		{5CE891A3-87AB-409B-874D-AD3622C5F59F}.Release|Any CPU.ActiveCfg = Release|Any CPU
		{5CE891A3-87AB-409B-874D-AD3622C5F59F}.Release|x86.ActiveCfg = Release|Any CPU
		{5CE891A3-87AB-409B-874D-AD3622C5F59F}.Release|x86.Build.0 = Release|Any CPU
		{2145911F-6669-4308-A0F2-63B4C2AAAE5E}.Debug|Any CPU.ActiveCfg = Debug|Any CPU
		{2145911F-6669-4308-A0F2-63B4C2AAAE5E}.Debug|x86.ActiveCfg = Debug|Any CPU
		{2145911F-6669-4308-A0F2-63B4C2AAAE5E}.Debug|x86.Build.0 = Debug|Any CPU
		{2145911F-6669-4308-A0F2-63B4C2AAAE5E}.Release|Any CPU.ActiveCfg = Release|Any CPU
		{2145911F-6669-4308-A0F2-63B4C2AAAE5E}.Release|x86.ActiveCfg = Release|Any CPU
		{2145911F-6669-4308-A0F2-63B4C2AAAE5E}.Release|x86.Build.0 = Release|Any CPU
		{7069D83A-3933-4135-922B-76F754740A00}.Debug|Any CPU.ActiveCfg = Debug|Any CPU
		{7069D83A-3933-4135-922B-76F754740A00}.Debug|Any CPU.Build.0 = Debug|Any CPU
		{7069D83A-3933-4135-922B-76F754740A00}.Debug|x86.ActiveCfg = Debug|x86
		{7069D83A-3933-4135-922B-76F754740A00}.Debug|x86.Build.0 = Debug|x86
		{7069D83A-3933-4135-922B-76F754740A00}.Release|Any CPU.ActiveCfg = Release|Any CPU
		{7069D83A-3933-4135-922B-76F754740A00}.Release|Any CPU.Build.0 = Release|Any CPU
		{7069D83A-3933-4135-922B-76F754740A00}.Release|x86.ActiveCfg = Release|x86
		{7069D83A-3933-4135-922B-76F754740A00}.Release|x86.Build.0 = Release|x86
		{F31299DC-288F-4E46-A3AF-6BF461B21C79}.Debug|Any CPU.ActiveCfg = Debug|Any CPU
		{F31299DC-288F-4E46-A3AF-6BF461B21C79}.Debug|Any CPU.Build.0 = Debug|Any CPU
		{F31299DC-288F-4E46-A3AF-6BF461B21C79}.Debug|x86.ActiveCfg = Debug|x86
		{F31299DC-288F-4E46-A3AF-6BF461B21C79}.Debug|x86.Build.0 = Debug|x86
		{F31299DC-288F-4E46-A3AF-6BF461B21C79}.Release|Any CPU.ActiveCfg = Release|Any CPU
		{F31299DC-288F-4E46-A3AF-6BF461B21C79}.Release|Any CPU.Build.0 = Release|Any CPU
		{F31299DC-288F-4E46-A3AF-6BF461B21C79}.Release|x86.ActiveCfg = Release|x86
		{F31299DC-288F-4E46-A3AF-6BF461B21C79}.Release|x86.Build.0 = Release|x86
		{8F26CEB9-BF47-41B0-86E0-24BDDABA120E}.Debug|Any CPU.ActiveCfg = Debug|Any CPU
		{8F26CEB9-BF47-41B0-86E0-24BDDABA120E}.Debug|Any CPU.Build.0 = Debug|Any CPU
		{8F26CEB9-BF47-41B0-86E0-24BDDABA120E}.Debug|x86.ActiveCfg = Debug|Any CPU
		{8F26CEB9-BF47-41B0-86E0-24BDDABA120E}.Debug|x86.Build.0 = Debug|Any CPU
		{8F26CEB9-BF47-41B0-86E0-24BDDABA120E}.Release|Any CPU.ActiveCfg = Release|Any CPU
		{8F26CEB9-BF47-41B0-86E0-24BDDABA120E}.Release|Any CPU.Build.0 = Release|Any CPU
		{8F26CEB9-BF47-41B0-86E0-24BDDABA120E}.Release|x86.ActiveCfg = Release|Any CPU
		{8F26CEB9-BF47-41B0-86E0-24BDDABA120E}.Release|x86.Build.0 = Release|Any CPU
		{0D6DBFA3-98CD-42AF-83CE-9F33BC41F9F6}.Debug|Any CPU.ActiveCfg = Debug|Any CPU
		{0D6DBFA3-98CD-42AF-83CE-9F33BC41F9F6}.Debug|Any CPU.Build.0 = Debug|Any CPU
		{0D6DBFA3-98CD-42AF-83CE-9F33BC41F9F6}.Debug|x86.ActiveCfg = Debug|Any CPU
		{0D6DBFA3-98CD-42AF-83CE-9F33BC41F9F6}.Debug|x86.Build.0 = Debug|Any CPU
		{0D6DBFA3-98CD-42AF-83CE-9F33BC41F9F6}.Release|Any CPU.ActiveCfg = Release|Any CPU
		{0D6DBFA3-98CD-42AF-83CE-9F33BC41F9F6}.Release|Any CPU.Build.0 = Release|Any CPU
		{0D6DBFA3-98CD-42AF-83CE-9F33BC41F9F6}.Release|x86.ActiveCfg = Release|Any CPU
		{0D6DBFA3-98CD-42AF-83CE-9F33BC41F9F6}.Release|x86.Build.0 = Release|Any CPU
	EndGlobalSection
	GlobalSection(SolutionProperties) = preSolution
		HideSolutionNode = FALSE
	EndGlobalSection
	GlobalSection(ExtensibilityGlobals) = postSolution
		SolutionGuid = {6C2740EA-3162-446C-BA2B-0EA5A7BE07C2}
	EndGlobalSection
EndGlobal
